{
  "name": "scaler-cli-agent",
  "version": "1.0.0",
  "lockfileVersion": 3,
  "requires": true,
  "packages": {
    "": {
      "name": "scaler-cli-agent",
      "version": "1.0.0",
      "dependencies": {
        "dotenv": "^16.4.5",
        "groq-sdk": "^1.1.2"
      }
    },
    "node_modules/dotenv": {
      "version": "16.6.1",
      "resolved": "https://registry.npmjs.org/dotenv/-/dotenv-16.6.1.tgz",
      "integrity": "sha512-uBq4egWHTcTt33a72vpSG0z3HnPuIl6NqYcTrKEg2azoEyl2hpW0zqlxysq2pK9HlDIHyHyakeYaYnSAwd8bow==",
      "license": "BSD-2-Clause",
      "engines": {
        "node": ">=12"
      },
      "funding": {
        "url": "https://dotenvx.com"
      }
    },
    "node_modules/groq-sdk": {
      "version": "1.1.2",
      "resolved": "https://registry.npmjs.org/groq-sdk/-/groq-sdk-1.1.2.tgz",
      "integrity": "sha512-CZO0XUQQDhn43ri1+lZHxZKpb+bGutgTvFmCJtooexiitGmPqhm1hntOT3nCoaq07e+OpeokVnfUs0i/oQuUaQ==",
      "license": "Apache-2.0",
      "bin": {
        "groq-sdk": "bin/cli"
      }
    }
  }
}
